// !$*UTF8*$!
{
	archiveVersion = 1;
	classes = {
	};
	objectVersion = 56;
	objects = {

/* Begin PBXBuildFile section */
		014DFB322B215BF400B155EE /* MainPageView.swift in Sources */ = {isa = PBXBuildFile; fileRef = 014DFB312B215BF400B155EE /* MainPageView.swift */; };
		014DFB342B215D9100B155EE /* Color+Extensions.swift in Sources */ = {isa = PBXBuildFile; fileRef = 014DFB332B215D9100B155EE /* Color+Extensions.swift */; };
		014DFB382B215E5900B155EE /* PlayFooterCell.swift in Sources */ = {isa = PBXBuildFile; fileRef = 014DFB372B215E5900B155EE /* PlayFooterCell.swift */; };
		014DFB452B21779700B155EE /* PlaylistVertical.swift in Sources */ = {isa = PBXBuildFile; fileRef = 014DFB442B21779700B155EE /* PlaylistVertical.swift */; };
		014DFB472B2177DB00B155EE /* PlaylistHorizontal.swift in Sources */ = {isa = PBXBuildFile; fileRef = 014DFB462B2177DB00B155EE /* PlaylistHorizontal.swift */; };
		016AE6D32B26C9A20096CE89 /* PlayMusicListModel.swift in Sources */ = {isa = PBXBuildFile; fileRef = 016AE6D22B26C9A20096CE89 /* PlayMusicListModel.swift */; };
		016AE6D52B26C9AF0096CE89 /* PlayMusicModel.swift in Sources */ = {isa = PBXBuildFile; fileRef = 016AE6D42B26C9AF0096CE89 /* PlayMusicModel.swift */; };
		016AE6D72B26C9BF0096CE89 /* PlayMusicViewModel.swift in Sources */ = {isa = PBXBuildFile; fileRef = 016AE6D62B26C9BF0096CE89 /* PlayMusicViewModel.swift */; };
		28A621A92B21514000575D16 /* SpotifyiOS in Frameworks */ = {isa = PBXBuildFile; productRef = 28A621A82B21514000575D16 /* SpotifyiOS */; };
		64279A252B21B0C900065F24 /* (null) in Sources */ = {isa = PBXBuildFile; };
		64279A292B21B69200065F24 /* (null) in Sources */ = {isa = PBXBuildFile; };
		645705312B26D8D200E8B134 /* (null) in Sources */ = {isa = PBXBuildFile; };
		645705332B26D8DB00E8B134 /* (null) in Resources */ = {isa = PBXBuildFile; };
		645705372B26D91000E8B134 /* (null) in Sources */ = {isa = PBXBuildFile; };
		6A0DF8642B26D4D10032153F /* (null) in Sources */ = {isa = PBXBuildFile; };
		6A0DF8652B26D4D10032153F /* (null) in Sources */ = {isa = PBXBuildFile; };
		6A0DF8662B26D4D10032153F /* (null) in Sources */ = {isa = PBXBuildFile; };
		6A0DF8672B26D4D10032153F /* (null) in Sources */ = {isa = PBXBuildFile; };
		6A0DF8682B26D4D10032153F /* (null) in Sources */ = {isa = PBXBuildFile; };
		6A0DF8692B26D4D10032153F /* (null) in Sources */ = {isa = PBXBuildFile; };
		6A9E15D02B27F11E00214EB3 /* PlayerManager.swift in Sources */ = {isa = PBXBuildFile; fileRef = 6A9E15CF2B27F11E00214EB3 /* PlayerManager.swift */; };
		6AEB1B322B26C54A00BA926A /* (null) in Sources */ = {isa = PBXBuildFile; };
		6AEB1B342B26C56900BA926A /* (null) in Sources */ = {isa = PBXBuildFile; };
		DA29F7C02B206E26003085B9 /* PlayMusicView.swift in Sources */ = {isa = PBXBuildFile; fileRef = DA29F7BF2B206E26003085B9 /* PlayMusicView.swift */; };
		DA29F7C72B206E39003085B9 /* DrawerExtension.swift in Sources */ = {isa = PBXBuildFile; fileRef = DA29F7C32B206E39003085B9 /* DrawerExtension.swift */; };
		DA29F7C82B206E39003085B9 /* CustomCorners.swift in Sources */ = {isa = PBXBuildFile; fileRef = DA29F7C42B206E39003085B9 /* CustomCorners.swift */; };
		DA29F7C92B206E39003085B9 /* BottomDrawerModifier.swift in Sources */ = {isa = PBXBuildFile; fileRef = DA29F7C52B206E39003085B9 /* BottomDrawerModifier.swift */; };
		DA29F7CA2B206E39003085B9 /* BottomDrawer.swift in Sources */ = {isa = PBXBuildFile; fileRef = DA29F7C62B206E39003085B9 /* BottomDrawer.swift */; };
		DA29F7D52B206F41003085B9 /* Pretendard-ExtraBold.otf in Resources */ = {isa = PBXBuildFile; fileRef = DA29F7CC2B206F41003085B9 /* Pretendard-ExtraBold.otf */; };
		DA29F7D62B206F41003085B9 /* Pretendard-Light.otf in Resources */ = {isa = PBXBuildFile; fileRef = DA29F7CD2B206F41003085B9 /* Pretendard-Light.otf */; };
		DA29F7D72B206F41003085B9 /* Pretendard-Black.otf in Resources */ = {isa = PBXBuildFile; fileRef = DA29F7CE2B206F41003085B9 /* Pretendard-Black.otf */; };
		DA29F7D82B206F41003085B9 /* Pretendard-Medium.otf in Resources */ = {isa = PBXBuildFile; fileRef = DA29F7CF2B206F41003085B9 /* Pretendard-Medium.otf */; };
		DA29F7D92B206F41003085B9 /* Pretendard-Bold.otf in Resources */ = {isa = PBXBuildFile; fileRef = DA29F7D02B206F41003085B9 /* Pretendard-Bold.otf */; };
		DA29F7DA2B206F41003085B9 /* Pretendard-ExtraLight.otf in Resources */ = {isa = PBXBuildFile; fileRef = DA29F7D12B206F41003085B9 /* Pretendard-ExtraLight.otf */; };
		DA29F7DB2B206F41003085B9 /* Pretendard-Thin.otf in Resources */ = {isa = PBXBuildFile; fileRef = DA29F7D22B206F41003085B9 /* Pretendard-Thin.otf */; };
		DA29F7DC2B206F41003085B9 /* Pretendard-Regular.otf in Resources */ = {isa = PBXBuildFile; fileRef = DA29F7D32B206F41003085B9 /* Pretendard-Regular.otf */; };
		DA29F7DD2B206F41003085B9 /* Pretendard-SemiBold.otf in Resources */ = {isa = PBXBuildFile; fileRef = DA29F7D42B206F41003085B9 /* Pretendard-SemiBold.otf */; };
		DA29F7DF2B206F8A003085B9 /* Font+Extensions.swift in Sources */ = {isa = PBXBuildFile; fileRef = DA29F7DE2B206F8A003085B9 /* Font+Extensions.swift */; };
		DA44E8EF2B26DD6000681AE5 /* SearchResponse.swift in Sources */ = {isa = PBXBuildFile; fileRef = DA44E8EE2B26DD6000681AE5 /* SearchResponse.swift */; };
		DA637F672B1F1F6200BB3612 /* WeatherPlaylistApp.swift in Sources */ = {isa = PBXBuildFile; fileRef = DA637F662B1F1F6200BB3612 /* WeatherPlaylistApp.swift */; };
		DA637F692B1F1F6200BB3612 /* ContentView.swift in Sources */ = {isa = PBXBuildFile; fileRef = DA637F682B1F1F6200BB3612 /* ContentView.swift */; };
		DA637F6B2B1F1F6400BB3612 /* Assets.xcassets in Resources */ = {isa = PBXBuildFile; fileRef = DA637F6A2B1F1F6400BB3612 /* Assets.xcassets */; };
		DA637F6E2B1F1F6400BB3612 /* Preview Assets.xcassets in Resources */ = {isa = PBXBuildFile; fileRef = DA637F6D2B1F1F6400BB3612 /* Preview Assets.xcassets */; };
		DA637F7D2B201C1F00BB3612 /* MyPageView.swift in Sources */ = {isa = PBXBuildFile; fileRef = DA637F7C2B201C1F00BB3612 /* MyPageView.swift */; };
		DA637F802B201C4B00BB3612 /* String+Extensions.swift in Sources */ = {isa = PBXBuildFile; fileRef = DA637F7F2B201C4B00BB3612 /* String+Extensions.swift */; };
		DA637F832B201DB300BB3612 /* ProfileView.swift in Sources */ = {isa = PBXBuildFile; fileRef = DA637F822B201DB300BB3612 /* ProfileView.swift */; };
		DA637F852B20236600BB3612 /* PlaylistScrollView.swift in Sources */ = {isa = PBXBuildFile; fileRef = DA637F842B20236600BB3612 /* PlaylistScrollView.swift */; };
		DA637F872B20238500BB3612 /* TempPlaylistModel.swift in Sources */ = {isa = PBXBuildFile; fileRef = DA637F862B20238500BB3612 /* TempPlaylistModel.swift */; };
		DA637F892B20255A00BB3612 /* ProfileModel.swift in Sources */ = {isa = PBXBuildFile; fileRef = DA637F882B20255A00BB3612 /* ProfileModel.swift */; };
		DA637F8B2B20281B00BB3612 /* ProfileViewModel.swift in Sources */ = {isa = PBXBuildFile; fileRef = DA637F8A2B20281B00BB3612 /* ProfileViewModel.swift */; };
		DA637F8D2B2041D900BB3612 /* UIkit+Extensions.swift in Sources */ = {isa = PBXBuildFile; fileRef = DA637F8C2B2041D900BB3612 /* UIkit+Extensions.swift */; };
		DA637F902B20435800BB3612 /* ImageModifier.swift in Sources */ = {isa = PBXBuildFile; fileRef = DA637F8F2B20435800BB3612 /* ImageModifier.swift */; };
		DAA3316A2B26FDEF00D3225F /* WeatherTestView.swift in Sources */ = {isa = PBXBuildFile; fileRef = DAA331642B26FDEF00D3225F /* WeatherTestView.swift */; };
		DAA3316B2B26FDEF00D3225F /* WeatherModel.swift in Sources */ = {isa = PBXBuildFile; fileRef = DAA331662B26FDEF00D3225F /* WeatherModel.swift */; };
		DAA3316C2B26FDEF00D3225F /* WeatherLogic.swift in Sources */ = {isa = PBXBuildFile; fileRef = DAA331672B26FDEF00D3225F /* WeatherLogic.swift */; };
		DAA3316D2B26FDEF00D3225F /* LocationManager.swift in Sources */ = {isa = PBXBuildFile; fileRef = DAA331682B26FDEF00D3225F /* LocationManager.swift */; };
		DAA3316E2B26FDEF00D3225F /* WeatherAPI.swift in Sources */ = {isa = PBXBuildFile; fileRef = DAA331692B26FDEF00D3225F /* WeatherAPI.swift */; };
		DAA331722B26FE0800D3225F /* StartView.swift in Sources */ = {isa = PBXBuildFile; fileRef = DAA3316F2B26FE0800D3225F /* StartView.swift */; };
		DAA331732B26FE0800D3225F /* StartViewModel.swift in Sources */ = {isa = PBXBuildFile; fileRef = DAA331702B26FE0800D3225F /* StartViewModel.swift */; };
		DAA331772B26FE1100D3225F /* LaunchView.swift in Sources */ = {isa = PBXBuildFile; fileRef = DAA331742B26FE1100D3225F /* LaunchView.swift */; };
		DAA331782B26FE1100D3225F /* AuthView.swift in Sources */ = {isa = PBXBuildFile; fileRef = DAA331752B26FE1100D3225F /* AuthView.swift */; };
		DAA331792B26FE1100D3225F /* LoginView.swift in Sources */ = {isa = PBXBuildFile; fileRef = DAA331762B26FE1100D3225F /* LoginView.swift */; };
		DAA3317C2B26FE1D00D3225F /* SpotifyAPI.xcconfig in Resources */ = {isa = PBXBuildFile; fileRef = DAA3317B2B26FE1D00D3225F /* SpotifyAPI.xcconfig */; };
		DAA3317E2B26FE2B00D3225F /* RecommendedPlayListModel.swift in Sources */ = {isa = PBXBuildFile; fileRef = DAA3317D2B26FE2B00D3225F /* RecommendedPlayListModel.swift */; };
		DAA331802B26FE3600D3225F /* MusicModel.swift in Sources */ = {isa = PBXBuildFile; fileRef = DAA3317F2B26FE3600D3225F /* MusicModel.swift */; };
		DAA331832B26FEF500D3225F /* RecommendedViewModel.swift in Sources */ = {isa = PBXBuildFile; fileRef = DAA331812B26FEF500D3225F /* RecommendedViewModel.swift */; };
		DAA331842B26FEF500D3225F /* MainPageViewModel.swift in Sources */ = {isa = PBXBuildFile; fileRef = DAA331822B26FEF500D3225F /* MainPageViewModel.swift */; };
		DAA331862B26FF0B00D3225F /* AuthManager.swift in Sources */ = {isa = PBXBuildFile; fileRef = DAA331852B26FF0B00D3225F /* AuthManager.swift */; };
		DAA331882B26FF2400D3225F /* PlaylistViewModel.swift in Sources */ = {isa = PBXBuildFile; fileRef = DAA331872B26FF2400D3225F /* PlaylistViewModel.swift */; };
		DAA3318A2B26FFBF00D3225F /* PlaylistModel.swift in Sources */ = {isa = PBXBuildFile; fileRef = DAA331892B26FFBF00D3225F /* PlaylistModel.swift */; };
		DAA3318C2B2722CC00D3225F /* Launch Screen.storyboard in Resources */ = {isa = PBXBuildFile; fileRef = DAA3318B2B2722CC00D3225F /* Launch Screen.storyboard */; };
		DAA3318E2B2723A800D3225F /* UserInformationModel.swift in Sources */ = {isa = PBXBuildFile; fileRef = DAA3318D2B2723A800D3225F /* UserInformationModel.swift */; };
		DAA331902B2723BD00D3225F /* UserInfoResponse.swift in Sources */ = {isa = PBXBuildFile; fileRef = DAA3318F2B2723BD00D3225F /* UserInfoResponse.swift */; };
		DAA331922B272ED600D3225F /* UserPlaylistDTO.swift in Sources */ = {isa = PBXBuildFile; fileRef = DAA331912B272ED600D3225F /* UserPlaylistDTO.swift */; };
		DADECABB2B2149F5008ADA03 /* Alignment+Extensions.swift in Sources */ = {isa = PBXBuildFile; fileRef = DADECABA2B2149F5008ADA03 /* Alignment+Extensions.swift */; };
		DADECABD2B2149FA008ADA03 /* HorizontalAlignment+Extensions.swift in Sources */ = {isa = PBXBuildFile; fileRef = DADECABC2B2149FA008ADA03 /* HorizontalAlignment+Extensions.swift */; };
		DADECABF2B214A05008ADA03 /* VerticalAlignment+Extensions.swift in Sources */ = {isa = PBXBuildFile; fileRef = DADECABE2B214A05008ADA03 /* VerticalAlignment+Extensions.swift */; };
		DADECAC82B214A2F008ADA03 /* PlaylistView.swift in Sources */ = {isa = PBXBuildFile; fileRef = DADECAC12B214A2F008ADA03 /* PlaylistView.swift */; };
		DADECAC92B214A2F008ADA03 /* PlaylistControllerView.swift in Sources */ = {isa = PBXBuildFile; fileRef = DADECAC32B214A2F008ADA03 /* PlaylistControllerView.swift */; };
		DADECACA2B214A2F008ADA03 /* PlaylistCorverImageView.swift in Sources */ = {isa = PBXBuildFile; fileRef = DADECAC42B214A2F008ADA03 /* PlaylistCorverImageView.swift */; };
		DADECACB2B214A2F008ADA03 /* PlaylistRowView.swift in Sources */ = {isa = PBXBuildFile; fileRef = DADECAC52B214A2F008ADA03 /* PlaylistRowView.swift */; };
		DADECACC2B214A2F008ADA03 /* PlaylistStickyHeader.swift in Sources */ = {isa = PBXBuildFile; fileRef = DADECAC62B214A2F008ADA03 /* PlaylistStickyHeader.swift */; };
		DADECAD12B214E63008ADA03 /* HeaderView.swift in Sources */ = {isa = PBXBuildFile; fileRef = DADECAD02B214E63008ADA03 /* HeaderView.swift */; };
		DAF051AE2B209B4900D3D460 /* CachedImage.swift in Sources */ = {isa = PBXBuildFile; fileRef = DAF051AD2B209B4900D3D460 /* CachedImage.swift */; };
		DAF051B02B20A14400D3D460 /* View+Extensions.swift in Sources */ = {isa = PBXBuildFile; fileRef = DAF051AF2B20A14400D3D460 /* View+Extensions.swift */; };
		DAF051B22B20A53800D3D460 /* APIProtocol.swift in Sources */ = {isa = PBXBuildFile; fileRef = DAF051B12B20A53800D3D460 /* APIProtocol.swift */; };
		DAF051B42B20A9F300D3D460 /* UserRequest.swift in Sources */ = {isa = PBXBuildFile; fileRef = DAF051B32B20A9F300D3D460 /* UserRequest.swift */; };
/* End PBXBuildFile section */

/* Begin PBXFileReference section */
		014DFB312B215BF400B155EE /* MainPageView.swift */ = {isa = PBXFileReference; lastKnownFileType = sourcecode.swift; path = MainPageView.swift; sourceTree = "<group>"; };
		014DFB332B215D9100B155EE /* Color+Extensions.swift */ = {isa = PBXFileReference; lastKnownFileType = sourcecode.swift; path = "Color+Extensions.swift"; sourceTree = "<group>"; };
		014DFB372B215E5900B155EE /* PlayFooterCell.swift */ = {isa = PBXFileReference; lastKnownFileType = sourcecode.swift; path = PlayFooterCell.swift; sourceTree = "<group>"; };
		014DFB442B21779700B155EE /* PlaylistVertical.swift */ = {isa = PBXFileReference; lastKnownFileType = sourcecode.swift; path = PlaylistVertical.swift; sourceTree = "<group>"; };
		014DFB462B2177DB00B155EE /* PlaylistHorizontal.swift */ = {isa = PBXFileReference; lastKnownFileType = sourcecode.swift; path = PlaylistHorizontal.swift; sourceTree = "<group>"; };
		016AE6D22B26C9A20096CE89 /* PlayMusicListModel.swift */ = {isa = PBXFileReference; lastKnownFileType = sourcecode.swift; path = PlayMusicListModel.swift; sourceTree = "<group>"; };
		016AE6D42B26C9AF0096CE89 /* PlayMusicModel.swift */ = {isa = PBXFileReference; lastKnownFileType = sourcecode.swift; path = PlayMusicModel.swift; sourceTree = "<group>"; };
		016AE6D62B26C9BF0096CE89 /* PlayMusicViewModel.swift */ = {isa = PBXFileReference; lastKnownFileType = sourcecode.swift; path = PlayMusicViewModel.swift; sourceTree = "<group>"; };
		6A9E15CF2B27F11E00214EB3 /* PlayerManager.swift */ = {isa = PBXFileReference; lastKnownFileType = sourcecode.swift; path = PlayerManager.swift; sourceTree = "<group>"; };
		DA29F7BF2B206E26003085B9 /* PlayMusicView.swift */ = {isa = PBXFileReference; fileEncoding = 4; lastKnownFileType = sourcecode.swift; path = PlayMusicView.swift; sourceTree = "<group>"; };
		DA29F7C32B206E39003085B9 /* DrawerExtension.swift */ = {isa = PBXFileReference; fileEncoding = 4; lastKnownFileType = sourcecode.swift; path = DrawerExtension.swift; sourceTree = "<group>"; };
		DA29F7C42B206E39003085B9 /* CustomCorners.swift */ = {isa = PBXFileReference; fileEncoding = 4; lastKnownFileType = sourcecode.swift; path = CustomCorners.swift; sourceTree = "<group>"; };
		DA29F7C52B206E39003085B9 /* BottomDrawerModifier.swift */ = {isa = PBXFileReference; fileEncoding = 4; lastKnownFileType = sourcecode.swift; path = BottomDrawerModifier.swift; sourceTree = "<group>"; };
		DA29F7C62B206E39003085B9 /* BottomDrawer.swift */ = {isa = PBXFileReference; fileEncoding = 4; lastKnownFileType = sourcecode.swift; path = BottomDrawer.swift; sourceTree = "<group>"; };
		DA29F7CC2B206F41003085B9 /* Pretendard-ExtraBold.otf */ = {isa = PBXFileReference; lastKnownFileType = file; path = "Pretendard-ExtraBold.otf"; sourceTree = "<group>"; };
		DA29F7CD2B206F41003085B9 /* Pretendard-Light.otf */ = {isa = PBXFileReference; lastKnownFileType = file; path = "Pretendard-Light.otf"; sourceTree = "<group>"; };
		DA29F7CE2B206F41003085B9 /* Pretendard-Black.otf */ = {isa = PBXFileReference; lastKnownFileType = file; path = "Pretendard-Black.otf"; sourceTree = "<group>"; };
		DA29F7CF2B206F41003085B9 /* Pretendard-Medium.otf */ = {isa = PBXFileReference; lastKnownFileType = file; path = "Pretendard-Medium.otf"; sourceTree = "<group>"; };
		DA29F7D02B206F41003085B9 /* Pretendard-Bold.otf */ = {isa = PBXFileReference; lastKnownFileType = file; path = "Pretendard-Bold.otf"; sourceTree = "<group>"; };
		DA29F7D12B206F41003085B9 /* Pretendard-ExtraLight.otf */ = {isa = PBXFileReference; lastKnownFileType = file; path = "Pretendard-ExtraLight.otf"; sourceTree = "<group>"; };
		DA29F7D22B206F41003085B9 /* Pretendard-Thin.otf */ = {isa = PBXFileReference; lastKnownFileType = file; path = "Pretendard-Thin.otf"; sourceTree = "<group>"; };
		DA29F7D32B206F41003085B9 /* Pretendard-Regular.otf */ = {isa = PBXFileReference; lastKnownFileType = file; path = "Pretendard-Regular.otf"; sourceTree = "<group>"; };
		DA29F7D42B206F41003085B9 /* Pretendard-SemiBold.otf */ = {isa = PBXFileReference; lastKnownFileType = file; path = "Pretendard-SemiBold.otf"; sourceTree = "<group>"; };
		DA29F7DE2B206F8A003085B9 /* Font+Extensions.swift */ = {isa = PBXFileReference; lastKnownFileType = sourcecode.swift; path = "Font+Extensions.swift"; sourceTree = "<group>"; };
		DA44E8EE2B26DD6000681AE5 /* SearchResponse.swift */ = {isa = PBXFileReference; lastKnownFileType = sourcecode.swift; path = SearchResponse.swift; sourceTree = "<group>"; };
		DA637F632B1F1F6200BB3612 /* WeatherPlaylist.app */ = {isa = PBXFileReference; explicitFileType = wrapper.application; includeInIndex = 0; path = WeatherPlaylist.app; sourceTree = BUILT_PRODUCTS_DIR; };
		DA637F662B1F1F6200BB3612 /* WeatherPlaylistApp.swift */ = {isa = PBXFileReference; lastKnownFileType = sourcecode.swift; path = WeatherPlaylistApp.swift; sourceTree = "<group>"; };
		DA637F682B1F1F6200BB3612 /* ContentView.swift */ = {isa = PBXFileReference; lastKnownFileType = sourcecode.swift; path = ContentView.swift; sourceTree = "<group>"; };
		DA637F6A2B1F1F6400BB3612 /* Assets.xcassets */ = {isa = PBXFileReference; lastKnownFileType = folder.assetcatalog; path = Assets.xcassets; sourceTree = "<group>"; };
		DA637F6D2B1F1F6400BB3612 /* Preview Assets.xcassets */ = {isa = PBXFileReference; lastKnownFileType = folder.assetcatalog; path = "Preview Assets.xcassets"; sourceTree = "<group>"; };
		DA637F752B1F331F00BB3612 /* Info.plist */ = {isa = PBXFileReference; lastKnownFileType = text.plist; path = Info.plist; sourceTree = "<group>"; };
		DA637F7C2B201C1F00BB3612 /* MyPageView.swift */ = {isa = PBXFileReference; lastKnownFileType = sourcecode.swift; path = MyPageView.swift; sourceTree = "<group>"; };
		DA637F7F2B201C4B00BB3612 /* String+Extensions.swift */ = {isa = PBXFileReference; lastKnownFileType = sourcecode.swift; path = "String+Extensions.swift"; sourceTree = "<group>"; };
		DA637F822B201DB300BB3612 /* ProfileView.swift */ = {isa = PBXFileReference; lastKnownFileType = sourcecode.swift; path = ProfileView.swift; sourceTree = "<group>"; };
		DA637F842B20236600BB3612 /* PlaylistScrollView.swift */ = {isa = PBXFileReference; lastKnownFileType = sourcecode.swift; path = PlaylistScrollView.swift; sourceTree = "<group>"; };
		DA637F862B20238500BB3612 /* TempPlaylistModel.swift */ = {isa = PBXFileReference; lastKnownFileType = sourcecode.swift; path = TempPlaylistModel.swift; sourceTree = "<group>"; };
		DA637F882B20255A00BB3612 /* ProfileModel.swift */ = {isa = PBXFileReference; lastKnownFileType = sourcecode.swift; path = ProfileModel.swift; sourceTree = "<group>"; };
		DA637F8A2B20281B00BB3612 /* ProfileViewModel.swift */ = {isa = PBXFileReference; lastKnownFileType = sourcecode.swift; path = ProfileViewModel.swift; sourceTree = "<group>"; };
		DA637F8C2B2041D900BB3612 /* UIkit+Extensions.swift */ = {isa = PBXFileReference; lastKnownFileType = sourcecode.swift; path = "UIkit+Extensions.swift"; sourceTree = "<group>"; };
		DA637F8F2B20435800BB3612 /* ImageModifier.swift */ = {isa = PBXFileReference; lastKnownFileType = sourcecode.swift; path = ImageModifier.swift; sourceTree = "<group>"; };
		DAA331642B26FDEF00D3225F /* WeatherTestView.swift */ = {isa = PBXFileReference; fileEncoding = 4; lastKnownFileType = sourcecode.swift; path = WeatherTestView.swift; sourceTree = "<group>"; };
		DAA331662B26FDEF00D3225F /* WeatherModel.swift */ = {isa = PBXFileReference; fileEncoding = 4; lastKnownFileType = sourcecode.swift; path = WeatherModel.swift; sourceTree = "<group>"; };
		DAA331672B26FDEF00D3225F /* WeatherLogic.swift */ = {isa = PBXFileReference; fileEncoding = 4; lastKnownFileType = sourcecode.swift; path = WeatherLogic.swift; sourceTree = "<group>"; };
		DAA331682B26FDEF00D3225F /* LocationManager.swift */ = {isa = PBXFileReference; fileEncoding = 4; lastKnownFileType = sourcecode.swift; path = LocationManager.swift; sourceTree = "<group>"; };
		DAA331692B26FDEF00D3225F /* WeatherAPI.swift */ = {isa = PBXFileReference; fileEncoding = 4; lastKnownFileType = sourcecode.swift; path = WeatherAPI.swift; sourceTree = "<group>"; };
		DAA3316F2B26FE0800D3225F /* StartView.swift */ = {isa = PBXFileReference; fileEncoding = 4; lastKnownFileType = sourcecode.swift; path = StartView.swift; sourceTree = "<group>"; };
		DAA331702B26FE0800D3225F /* StartViewModel.swift */ = {isa = PBXFileReference; fileEncoding = 4; lastKnownFileType = sourcecode.swift; path = StartViewModel.swift; sourceTree = "<group>"; };
		DAA331712B26FE0800D3225F /* WeatherPlaylist-Bridging-Header.h */ = {isa = PBXFileReference; fileEncoding = 4; lastKnownFileType = sourcecode.c.h; path = "WeatherPlaylist-Bridging-Header.h"; sourceTree = "<group>"; };
		DAA331742B26FE1100D3225F /* LaunchView.swift */ = {isa = PBXFileReference; fileEncoding = 4; lastKnownFileType = sourcecode.swift; path = LaunchView.swift; sourceTree = "<group>"; };
		DAA331752B26FE1100D3225F /* AuthView.swift */ = {isa = PBXFileReference; fileEncoding = 4; lastKnownFileType = sourcecode.swift; path = AuthView.swift; sourceTree = "<group>"; };
		DAA331762B26FE1100D3225F /* LoginView.swift */ = {isa = PBXFileReference; fileEncoding = 4; lastKnownFileType = sourcecode.swift; path = LoginView.swift; sourceTree = "<group>"; };
		DAA3317B2B26FE1D00D3225F /* SpotifyAPI.xcconfig */ = {isa = PBXFileReference; fileEncoding = 4; lastKnownFileType = text.xcconfig; path = SpotifyAPI.xcconfig; sourceTree = "<group>"; };
		DAA3317D2B26FE2B00D3225F /* RecommendedPlayListModel.swift */ = {isa = PBXFileReference; fileEncoding = 4; lastKnownFileType = sourcecode.swift; path = RecommendedPlayListModel.swift; sourceTree = "<group>"; };
		DAA3317F2B26FE3600D3225F /* MusicModel.swift */ = {isa = PBXFileReference; fileEncoding = 4; lastKnownFileType = sourcecode.swift; path = MusicModel.swift; sourceTree = "<group>"; };
		DAA331812B26FEF500D3225F /* RecommendedViewModel.swift */ = {isa = PBXFileReference; fileEncoding = 4; lastKnownFileType = sourcecode.swift; path = RecommendedViewModel.swift; sourceTree = "<group>"; };
		DAA331822B26FEF500D3225F /* MainPageViewModel.swift */ = {isa = PBXFileReference; fileEncoding = 4; lastKnownFileType = sourcecode.swift; path = MainPageViewModel.swift; sourceTree = "<group>"; };
		DAA331852B26FF0B00D3225F /* AuthManager.swift */ = {isa = PBXFileReference; fileEncoding = 4; lastKnownFileType = sourcecode.swift; path = AuthManager.swift; sourceTree = "<group>"; };
		DAA331872B26FF2400D3225F /* PlaylistViewModel.swift */ = {isa = PBXFileReference; fileEncoding = 4; lastKnownFileType = sourcecode.swift; path = PlaylistViewModel.swift; sourceTree = "<group>"; };
		DAA331892B26FFBF00D3225F /* PlaylistModel.swift */ = {isa = PBXFileReference; fileEncoding = 4; lastKnownFileType = sourcecode.swift; path = PlaylistModel.swift; sourceTree = "<group>"; };
		DAA3318B2B2722CC00D3225F /* Launch Screen.storyboard */ = {isa = PBXFileReference; lastKnownFileType = file.storyboard; path = "Launch Screen.storyboard"; sourceTree = "<group>"; };
		DAA3318D2B2723A800D3225F /* UserInformationModel.swift */ = {isa = PBXFileReference; lastKnownFileType = sourcecode.swift; path = UserInformationModel.swift; sourceTree = "<group>"; };
		DAA3318F2B2723BD00D3225F /* UserInfoResponse.swift */ = {isa = PBXFileReference; lastKnownFileType = sourcecode.swift; path = UserInfoResponse.swift; sourceTree = "<group>"; };
		DAA331912B272ED600D3225F /* UserPlaylistDTO.swift */ = {isa = PBXFileReference; lastKnownFileType = sourcecode.swift; path = UserPlaylistDTO.swift; sourceTree = "<group>"; };
		DADECABA2B2149F5008ADA03 /* Alignment+Extensions.swift */ = {isa = PBXFileReference; fileEncoding = 4; lastKnownFileType = sourcecode.swift; path = "Alignment+Extensions.swift"; sourceTree = "<group>"; };
		DADECABC2B2149FA008ADA03 /* HorizontalAlignment+Extensions.swift */ = {isa = PBXFileReference; fileEncoding = 4; lastKnownFileType = sourcecode.swift; path = "HorizontalAlignment+Extensions.swift"; sourceTree = "<group>"; };
		DADECABE2B214A05008ADA03 /* VerticalAlignment+Extensions.swift */ = {isa = PBXFileReference; fileEncoding = 4; lastKnownFileType = sourcecode.swift; path = "VerticalAlignment+Extensions.swift"; sourceTree = "<group>"; };
		DADECAC12B214A2F008ADA03 /* PlaylistView.swift */ = {isa = PBXFileReference; fileEncoding = 4; lastKnownFileType = sourcecode.swift; path = PlaylistView.swift; sourceTree = "<group>"; };
		DADECAC32B214A2F008ADA03 /* PlaylistControllerView.swift */ = {isa = PBXFileReference; fileEncoding = 4; lastKnownFileType = sourcecode.swift; path = PlaylistControllerView.swift; sourceTree = "<group>"; };
		DADECAC42B214A2F008ADA03 /* PlaylistCorverImageView.swift */ = {isa = PBXFileReference; fileEncoding = 4; lastKnownFileType = sourcecode.swift; path = PlaylistCorverImageView.swift; sourceTree = "<group>"; };
		DADECAC52B214A2F008ADA03 /* PlaylistRowView.swift */ = {isa = PBXFileReference; fileEncoding = 4; lastKnownFileType = sourcecode.swift; path = PlaylistRowView.swift; sourceTree = "<group>"; };
		DADECAC62B214A2F008ADA03 /* PlaylistStickyHeader.swift */ = {isa = PBXFileReference; fileEncoding = 4; lastKnownFileType = sourcecode.swift; path = PlaylistStickyHeader.swift; sourceTree = "<group>"; };
		DADECAD02B214E63008ADA03 /* HeaderView.swift */ = {isa = PBXFileReference; lastKnownFileType = sourcecode.swift; path = HeaderView.swift; sourceTree = "<group>"; };
		DAF051AD2B209B4900D3D460 /* CachedImage.swift */ = {isa = PBXFileReference; lastKnownFileType = sourcecode.swift; path = CachedImage.swift; sourceTree = "<group>"; };
		DAF051AF2B20A14400D3D460 /* View+Extensions.swift */ = {isa = PBXFileReference; lastKnownFileType = sourcecode.swift; path = "View+Extensions.swift"; sourceTree = "<group>"; };
		DAF051B12B20A53800D3D460 /* APIProtocol.swift */ = {isa = PBXFileReference; lastKnownFileType = sourcecode.swift; path = APIProtocol.swift; sourceTree = "<group>"; };
		DAF051B32B20A9F300D3D460 /* UserRequest.swift */ = {isa = PBXFileReference; lastKnownFileType = sourcecode.swift; path = UserRequest.swift; sourceTree = "<group>"; };
/* End PBXFileReference section */

/* Begin PBXFrameworksBuildPhase section */
		DA637F602B1F1F6200BB3612 /* Frameworks */ = {
			isa = PBXFrameworksBuildPhase;
			buildActionMask = 2147483647;
			files = (
				28A621A92B21514000575D16 /* SpotifyiOS in Frameworks */,
			);
			runOnlyForDeploymentPostprocessing = 0;
		};
/* End PBXFrameworksBuildPhase section */

/* Begin PBXGroup section */
		014DFB302B215BD300B155EE /* MainView */ = {
			isa = PBXGroup;
			children = (
				64279A2A2B21B96800065F24 /* MainViewModel */,
				014DFB312B215BF400B155EE /* MainPageView.swift */,
				014DFB442B21779700B155EE /* PlaylistVertical.swift */,
				014DFB462B2177DB00B155EE /* PlaylistHorizontal.swift */,
			);
			path = MainView;
			sourceTree = "<group>";
		};
		014DFB362B215E4400B155EE /* PlayFooterCell */ = {
			isa = PBXGroup;
			children = (
				014DFB372B215E5900B155EE /* PlayFooterCell.swift */,
			);
			path = PlayFooterCell;
			sourceTree = "<group>";
		};
		016AE6D12B26C9880096CE89 /* HeaderView */ = {
			isa = PBXGroup;
			children = (
				DADECAD02B214E63008ADA03 /* HeaderView.swift */,
			);
			path = HeaderView;
			sourceTree = "<group>";
		};
		64279A232B21B09E00065F24 /* Models */ = {
			isa = PBXGroup;
			children = (
				DAA3317F2B26FE3600D3225F /* MusicModel.swift */,
				DAA3317D2B26FE2B00D3225F /* RecommendedPlayListModel.swift */,
				DAA3318D2B2723A800D3225F /* UserInformationModel.swift */,
				DA44E8ED2B26DD5000681AE5 /* NetworkDTO */,
			);
			path = Models;
			sourceTree = "<group>";
		};
		64279A2A2B21B96800065F24 /* MainViewModel */ = {
			isa = PBXGroup;
			children = (
				DAA331822B26FEF500D3225F /* MainPageViewModel.swift */,
				DAA331812B26FEF500D3225F /* RecommendedViewModel.swift */,
			);
			path = MainViewModel;
			sourceTree = "<group>";
		};
		6A0DF85B2B26D4D10032153F /* StartView */ = {
			isa = PBXGroup;
			children = (
				DAA331852B26FF0B00D3225F /* AuthManager.swift */,
				DAA3316F2B26FE0800D3225F /* StartView.swift */,
				DAA331702B26FE0800D3225F /* StartViewModel.swift */,
				DAA331712B26FE0800D3225F /* WeatherPlaylist-Bridging-Header.h */,
				6A0DF8602B26D4D10032153F /* StartSubViews */,
			);
			path = StartView;
			sourceTree = "<group>";
		};
		6A0DF8602B26D4D10032153F /* StartSubViews */ = {
			isa = PBXGroup;
			children = (
				DAA331752B26FE1100D3225F /* AuthView.swift */,
				DAA331742B26FE1100D3225F /* LaunchView.swift */,
				DAA331762B26FE1100D3225F /* LoginView.swift */,
			);
			path = StartSubViews;
			sourceTree = "<group>";
		};
		6A9E15CE2B27F10300214EB3 /* Player */ = {
			isa = PBXGroup;
			children = (
				6A9E15CF2B27F11E00214EB3 /* PlayerManager.swift */,
			);
			path = Player;
			sourceTree = "<group>";
		};
		DA29F7BE2B206E26003085B9 /* PlayMusicView */ = {
			isa = PBXGroup;
			children = (
				DA29F7BF2B206E26003085B9 /* PlayMusicView.swift */,
				016AE6D22B26C9A20096CE89 /* PlayMusicListModel.swift */,
				016AE6D42B26C9AF0096CE89 /* PlayMusicModel.swift */,
				016AE6D62B26C9BF0096CE89 /* PlayMusicViewModel.swift */,
			);
			path = PlayMusicView;
			sourceTree = "<group>";
		};
		DA29F7C12B206E39003085B9 /* Components */ = {
			isa = PBXGroup;
			children = (
				016AE6D12B26C9880096CE89 /* HeaderView */,
				014DFB362B215E4400B155EE /* PlayFooterCell */,
				DA29F7C22B206E39003085B9 /* BottomDrawer */,
			);
			path = Components;
			sourceTree = "<group>";
		};
		DA29F7C22B206E39003085B9 /* BottomDrawer */ = {
			isa = PBXGroup;
			children = (
				DA29F7C32B206E39003085B9 /* DrawerExtension.swift */,
				DA29F7C42B206E39003085B9 /* CustomCorners.swift */,
				DA29F7C52B206E39003085B9 /* BottomDrawerModifier.swift */,
				DA29F7C62B206E39003085B9 /* BottomDrawer.swift */,
			);
			path = BottomDrawer;
			sourceTree = "<group>";
		};
		DA29F7CB2B206F29003085B9 /* Font */ = {
			isa = PBXGroup;
			children = (
				DA29F7CE2B206F41003085B9 /* Pretendard-Black.otf */,
				DA29F7D02B206F41003085B9 /* Pretendard-Bold.otf */,
				DA29F7CC2B206F41003085B9 /* Pretendard-ExtraBold.otf */,
				DA29F7D12B206F41003085B9 /* Pretendard-ExtraLight.otf */,
				DA29F7CD2B206F41003085B9 /* Pretendard-Light.otf */,
				DA29F7CF2B206F41003085B9 /* Pretendard-Medium.otf */,
				DA29F7D32B206F41003085B9 /* Pretendard-Regular.otf */,
				DA29F7D42B206F41003085B9 /* Pretendard-SemiBold.otf */,
				DA29F7D22B206F41003085B9 /* Pretendard-Thin.otf */,
			);
			path = Font;
			sourceTree = "<group>";
		};
		DA44E8ED2B26DD5000681AE5 /* NetworkDTO */ = {
			isa = PBXGroup;
			children = (
				DA44E8EE2B26DD6000681AE5 /* SearchResponse.swift */,
				DAA3318F2B2723BD00D3225F /* UserInfoResponse.swift */,
				DAA331912B272ED600D3225F /* UserPlaylistDTO.swift */,
			);
			path = NetworkDTO;
			sourceTree = "<group>";
		};
		DA637F5A2B1F1F6200BB3612 = {
			isa = PBXGroup;
			children = (
				DA637F652B1F1F6200BB3612 /* WeatherPlaylist */,
				DA637F642B1F1F6200BB3612 /* Products */,
			);
			sourceTree = "<group>";
		};
		DA637F642B1F1F6200BB3612 /* Products */ = {
			isa = PBXGroup;
			children = (
				DA637F632B1F1F6200BB3612 /* WeatherPlaylist.app */,
			);
			name = Products;
			sourceTree = "<group>";
		};
		DA637F652B1F1F6200BB3612 /* WeatherPlaylist */ = {
			isa = PBXGroup;
			children = (
				DA637F752B1F331F00BB3612 /* Info.plist */,
				DA637F662B1F1F6200BB3612 /* WeatherPlaylistApp.swift */,
				DA637F782B201BE200BB3612 /* Source */,
				DA637F772B201BD400BB3612 /* Resource */,
				64279A232B21B09E00065F24 /* Models */,
				DA637F7A2B201BFB00BB3612 /* Views */,
				DA637F6A2B1F1F6400BB3612 /* Assets.xcassets */,
				DA637F6C2B1F1F6400BB3612 /* Preview Content */,
			);
			path = WeatherPlaylist;
			sourceTree = "<group>";
		};
		DA637F6C2B1F1F6400BB3612 /* Preview Content */ = {
			isa = PBXGroup;
			children = (
				DA637F6D2B1F1F6400BB3612 /* Preview Assets.xcassets */,
			);
			path = "Preview Content";
			sourceTree = "<group>";
		};
		DA637F772B201BD400BB3612 /* Resource */ = {
			isa = PBXGroup;
			children = (
				DAA3317A2B26FE1D00D3225F /* Configuration */,
				DA29F7CB2B206F29003085B9 /* Font */,
				DAA3318B2B2722CC00D3225F /* Launch Screen.storyboard */,
			);
			path = Resource;
			sourceTree = "<group>";
		};
		DA637F782B201BE200BB3612 /* Source */ = {
			isa = PBXGroup;
			children = (
				DA6506162B204AAB003CF417 /* Singleton */,
				DA637F8E2B20434B00BB3612 /* ViewModifier */,
				DA637F7E2B201C2C00BB3612 /* Extensions */,
				DAF051AD2B209B4900D3D460 /* CachedImage.swift */,
				DAF051B12B20A53800D3D460 /* APIProtocol.swift */,
				DAF051B32B20A9F300D3D460 /* UserRequest.swift */,
			);
			path = Source;
			sourceTree = "<group>";
		};
		DA637F7A2B201BFB00BB3612 /* Views */ = {
			isa = PBXGroup;
			children = (
				6A0DF85B2B26D4D10032153F /* StartView */,
				014DFB302B215BD300B155EE /* MainView */,
				DA29F7C12B206E39003085B9 /* Components */,
				DA29F7BE2B206E26003085B9 /* PlayMusicView */,
				DADECAC02B214A2F008ADA03 /* PlaylistView */,
				DA637F7B2B201C0B00BB3612 /* MypageView */,
				DA637F682B1F1F6200BB3612 /* ContentView.swift */,
			);
			path = Views;
			sourceTree = "<group>";
		};
		DA637F7B2B201C0B00BB3612 /* MypageView */ = {
			isa = PBXGroup;
			children = (
				DA637F812B201D8600BB3612 /* MyPageSubView */,
				DA637F7C2B201C1F00BB3612 /* MyPageView.swift */,
				DA637F882B20255A00BB3612 /* ProfileModel.swift */,
				DA637F862B20238500BB3612 /* TempPlaylistModel.swift */,
				DA637F8A2B20281B00BB3612 /* ProfileViewModel.swift */,
			);
			path = MypageView;
			sourceTree = "<group>";
		};
		DA637F7E2B201C2C00BB3612 /* Extensions */ = {
			isa = PBXGroup;
			children = (
				DADECABA2B2149F5008ADA03 /* Alignment+Extensions.swift */,
				DADECABC2B2149FA008ADA03 /* HorizontalAlignment+Extensions.swift */,
				DADECABE2B214A05008ADA03 /* VerticalAlignment+Extensions.swift */,
				DA637F7F2B201C4B00BB3612 /* String+Extensions.swift */,
				DA637F8C2B2041D900BB3612 /* UIkit+Extensions.swift */,
				DA29F7DE2B206F8A003085B9 /* Font+Extensions.swift */,
				DAF051AF2B20A14400D3D460 /* View+Extensions.swift */,
				014DFB332B215D9100B155EE /* Color+Extensions.swift */,
			);
			path = Extensions;
			sourceTree = "<group>";
		};
		DA637F812B201D8600BB3612 /* MyPageSubView */ = {
			isa = PBXGroup;
			children = (
				DA637F822B201DB300BB3612 /* ProfileView.swift */,
				DA637F842B20236600BB3612 /* PlaylistScrollView.swift */,
			);
			path = MyPageSubView;
			sourceTree = "<group>";
		};
		DA637F8E2B20434B00BB3612 /* ViewModifier */ = {
			isa = PBXGroup;
			children = (
				DA637F8F2B20435800BB3612 /* ImageModifier.swift */,
			);
			path = ViewModifier;
			sourceTree = "<group>";
		};
		DA6506162B204AAB003CF417 /* Singleton */ = {
			isa = PBXGroup;
			children = (
				6A9E15CE2B27F10300214EB3 /* Player */,
				DAA331632B26FDEF00D3225F /* Weather */,
			);
			path = Singleton;
			sourceTree = "<group>";
		};
		DAA331632B26FDEF00D3225F /* Weather */ = {
			isa = PBXGroup;
			children = (
				DAA331642B26FDEF00D3225F /* WeatherTestView.swift */,
				DAA331652B26FDEF00D3225F /* Model */,
				DAA331672B26FDEF00D3225F /* WeatherLogic.swift */,
				DAA331682B26FDEF00D3225F /* LocationManager.swift */,
				DAA331692B26FDEF00D3225F /* WeatherAPI.swift */,
			);
			path = Weather;
			sourceTree = "<group>";
		};
		DAA331652B26FDEF00D3225F /* Model */ = {
			isa = PBXGroup;
			children = (
				DAA331662B26FDEF00D3225F /* WeatherModel.swift */,
			);
			path = Model;
			sourceTree = "<group>";
		};
		DAA3317A2B26FE1D00D3225F /* Configuration */ = {
			isa = PBXGroup;
			children = (
				DAA3317B2B26FE1D00D3225F /* SpotifyAPI.xcconfig */,
			);
			path = Configuration;
			sourceTree = "<group>";
		};
		DADECAC02B214A2F008ADA03 /* PlaylistView */ = {
			isa = PBXGroup;
			children = (
				DAA331892B26FFBF00D3225F /* PlaylistModel.swift */,
				DAA331872B26FF2400D3225F /* PlaylistViewModel.swift */,
				DADECAC12B214A2F008ADA03 /* PlaylistView.swift */,
				DADECAC22B214A2F008ADA03 /* PlaylistSubView */,
			);
			path = PlaylistView;
			sourceTree = "<group>";
		};
		DADECAC22B214A2F008ADA03 /* PlaylistSubView */ = {
			isa = PBXGroup;
			children = (
				DADECAC32B214A2F008ADA03 /* PlaylistControllerView.swift */,
				DADECAC42B214A2F008ADA03 /* PlaylistCorverImageView.swift */,
				DADECAC52B214A2F008ADA03 /* PlaylistRowView.swift */,
				DADECAC62B214A2F008ADA03 /* PlaylistStickyHeader.swift */,
			);
			path = PlaylistSubView;
			sourceTree = "<group>";
		};
/* End PBXGroup section */

/* Begin PBXNativeTarget section */
		DA637F622B1F1F6200BB3612 /* WeatherPlaylist */ = {
			isa = PBXNativeTarget;
			buildConfigurationList = DA637F712B1F1F6400BB3612 /* Build configuration list for PBXNativeTarget "WeatherPlaylist" */;
			buildPhases = (
				DA637F5F2B1F1F6200BB3612 /* Sources */,
				DA637F602B1F1F6200BB3612 /* Frameworks */,
				DA637F612B1F1F6200BB3612 /* Resources */,
			);
			buildRules = (
			);
			dependencies = (
			);
			name = WeatherPlaylist;
			packageProductDependencies = (
				28A621A82B21514000575D16 /* SpotifyiOS */,
			);
			productName = WeatherPlaylist;
			productReference = DA637F632B1F1F6200BB3612 /* WeatherPlaylist.app */;
			productType = "com.apple.product-type.application";
		};
/* End PBXNativeTarget section */

/* Begin PBXProject section */
		DA637F5B2B1F1F6200BB3612 /* Project object */ = {
			isa = PBXProject;
			attributes = {
				BuildIndependentTargetsInParallel = 1;
				LastSwiftUpdateCheck = 1500;
				LastUpgradeCheck = 1500;
				TargetAttributes = {
					DA637F622B1F1F6200BB3612 = {
						CreatedOnToolsVersion = 15.0.1;
						LastSwiftMigration = 1500;
					};
				};
			};
			buildConfigurationList = DA637F5E2B1F1F6200BB3612 /* Build configuration list for PBXProject "WeatherPlaylist" */;
			compatibilityVersion = "Xcode 14.0";
			developmentRegion = en;
			hasScannedForEncodings = 0;
			knownRegions = (
				en,
				Base,
			);
			mainGroup = DA637F5A2B1F1F6200BB3612;
			packageReferences = (
				28A621A72B21514000575D16 /* XCRemoteSwiftPackageReference "ios-sdk" */,
			);
			productRefGroup = DA637F642B1F1F6200BB3612 /* Products */;
			projectDirPath = "";
			projectRoot = "";
			targets = (
				DA637F622B1F1F6200BB3612 /* WeatherPlaylist */,
			);
		};
/* End PBXProject section */

/* Begin PBXResourcesBuildPhase section */
		DA637F612B1F1F6200BB3612 /* Resources */ = {
			isa = PBXResourcesBuildPhase;
			buildActionMask = 2147483647;
			files = (
				DA29F7DD2B206F41003085B9 /* Pretendard-SemiBold.otf in Resources */,
				645705332B26D8DB00E8B134 /* (null) in Resources */,
				DA637F6E2B1F1F6400BB3612 /* Preview Assets.xcassets in Resources */,
				DA29F7D62B206F41003085B9 /* Pretendard-Light.otf in Resources */,
				DA29F7DA2B206F41003085B9 /* Pretendard-ExtraLight.otf in Resources */,
				DA29F7DB2B206F41003085B9 /* Pretendard-Thin.otf in Resources */,
				DAA3318C2B2722CC00D3225F /* Launch Screen.storyboard in Resources */,
				DA29F7D92B206F41003085B9 /* Pretendard-Bold.otf in Resources */,
				DA637F6B2B1F1F6400BB3612 /* Assets.xcassets in Resources */,
				DA29F7D52B206F41003085B9 /* Pretendard-ExtraBold.otf in Resources */,
				DAA3317C2B26FE1D00D3225F /* SpotifyAPI.xcconfig in Resources */,
				DA29F7DC2B206F41003085B9 /* Pretendard-Regular.otf in Resources */,
				DA29F7D72B206F41003085B9 /* Pretendard-Black.otf in Resources */,
				DA29F7D82B206F41003085B9 /* Pretendard-Medium.otf in Resources */,
			);
			runOnlyForDeploymentPostprocessing = 0;
		};
/* End PBXResourcesBuildPhase section */

/* Begin PBXSourcesBuildPhase section */
		DA637F5F2B1F1F6200BB3612 /* Sources */ = {
			isa = PBXSourcesBuildPhase;
			buildActionMask = 2147483647;
			files = (
				6AEB1B322B26C54A00BA926A /* (null) in Sources */,
				DA29F7DF2B206F8A003085B9 /* Font+Extensions.swift in Sources */,
				DAF051B22B20A53800D3D460 /* APIProtocol.swift in Sources */,
				DAF051B42B20A9F300D3D460 /* UserRequest.swift in Sources */,
				014DFB472B2177DB00B155EE /* PlaylistHorizontal.swift in Sources */,
				DADECABD2B2149FA008ADA03 /* HorizontalAlignment+Extensions.swift in Sources */,
				DAF051AE2B209B4900D3D460 /* CachedImage.swift in Sources */,
				6A0DF8662B26D4D10032153F /* (null) in Sources */,
				DA637F802B201C4B00BB3612 /* String+Extensions.swift in Sources */,
				DADECAC82B214A2F008ADA03 /* PlaylistView.swift in Sources */,
				6A0DF8672B26D4D10032153F /* (null) in Sources */,
				DAA331862B26FF0B00D3225F /* AuthManager.swift in Sources */,
				DAA3316E2B26FDEF00D3225F /* WeatherAPI.swift in Sources */,
				DAA3316C2B26FDEF00D3225F /* WeatherLogic.swift in Sources */,
				DA29F7CA2B206E39003085B9 /* BottomDrawer.swift in Sources */,
				DA637F692B1F1F6200BB3612 /* ContentView.swift in Sources */,
				DA637F872B20238500BB3612 /* TempPlaylistModel.swift in Sources */,
				6A9E15D02B27F11E00214EB3 /* PlayerManager.swift in Sources */,
				64279A252B21B0C900065F24 /* (null) in Sources */,
				6A0DF8642B26D4D10032153F /* (null) in Sources */,
				DAA3316D2B26FDEF00D3225F /* LocationManager.swift in Sources */,
				DAA331882B26FF2400D3225F /* PlaylistViewModel.swift in Sources */,
				DADECABB2B2149F5008ADA03 /* Alignment+Extensions.swift in Sources */,
				016AE6D32B26C9A20096CE89 /* PlayMusicListModel.swift in Sources */,
				DA44E8EF2B26DD6000681AE5 /* SearchResponse.swift in Sources */,
				DA29F7C02B206E26003085B9 /* PlayMusicView.swift in Sources */,
				DAA3318E2B2723A800D3225F /* UserInformationModel.swift in Sources */,
				DAA3318A2B26FFBF00D3225F /* PlaylistModel.swift in Sources */,
				014DFB322B215BF400B155EE /* MainPageView.swift in Sources */,
				DA29F7C82B206E39003085B9 /* CustomCorners.swift in Sources */,
				DAA331732B26FE0800D3225F /* StartViewModel.swift in Sources */,
				DA637F8B2B20281B00BB3612 /* ProfileViewModel.swift in Sources */,
				6A0DF8692B26D4D10032153F /* (null) in Sources */,
				DADECAD12B214E63008ADA03 /* HeaderView.swift in Sources */,
				DAA331902B2723BD00D3225F /* UserInfoResponse.swift in Sources */,
				DADECACB2B214A2F008ADA03 /* PlaylistRowView.swift in Sources */,
				DA637F902B20435800BB3612 /* ImageModifier.swift in Sources */,
				014DFB382B215E5900B155EE /* PlayFooterCell.swift in Sources */,
				014DFB452B21779700B155EE /* PlaylistVertical.swift in Sources */,
				645705312B26D8D200E8B134 /* (null) in Sources */,
				DA637F832B201DB300BB3612 /* ProfileView.swift in Sources */,
				014DFB342B215D9100B155EE /* Color+Extensions.swift in Sources */,
				DAA331832B26FEF500D3225F /* RecommendedViewModel.swift in Sources */,
				DA637F852B20236600BB3612 /* PlaylistScrollView.swift in Sources */,
				DADECACA2B214A2F008ADA03 /* PlaylistCorverImageView.swift in Sources */,
				DADECABF2B214A05008ADA03 /* VerticalAlignment+Extensions.swift in Sources */,
				016AE6D52B26C9AF0096CE89 /* PlayMusicModel.swift in Sources */,
				DA637F672B1F1F6200BB3612 /* WeatherPlaylistApp.swift in Sources */,
				DA637F8D2B2041D900BB3612 /* UIkit+Extensions.swift in Sources */,
				DAA331922B272ED600D3225F /* UserPlaylistDTO.swift in Sources */,
				6AEB1B342B26C56900BA926A /* (null) in Sources */,
				DADECAC92B214A2F008ADA03 /* PlaylistControllerView.swift in Sources */,
				016AE6D72B26C9BF0096CE89 /* PlayMusicViewModel.swift in Sources */,
				64279A292B21B69200065F24 /* (null) in Sources */,
				DA637F8D2B2041D900BB3612 /* UIkit+Extensions.swift in Sources */,
				DA29F7C72B206E39003085B9 /* DrawerExtension.swift in Sources */,
				DAA331802B26FE3600D3225F /* MusicModel.swift in Sources */,
				DAA331782B26FE1100D3225F /* AuthView.swift in Sources */,
				DA637F7D2B201C1F00BB3612 /* MyPageView.swift in Sources */,
				DAA3316A2B26FDEF00D3225F /* WeatherTestView.swift in Sources */,
				645705372B26D91000E8B134 /* (null) in Sources */,
				DADECACC2B214A2F008ADA03 /* PlaylistStickyHeader.swift in Sources */,
				DAA331722B26FE0800D3225F /* StartView.swift in Sources */,
				6A0DF8652B26D4D10032153F /* (null) in Sources */,
				DA637F892B20255A00BB3612 /* ProfileModel.swift in Sources */,
				DAA331772B26FE1100D3225F /* LaunchView.swift in Sources */,
				DAA331792B26FE1100D3225F /* LoginView.swift in Sources */,
				DAA331842B26FEF500D3225F /* MainPageViewModel.swift in Sources */,
				DA29F7C92B206E39003085B9 /* BottomDrawerModifier.swift in Sources */,
				6A0DF8682B26D4D10032153F /* (null) in Sources */,
				DAF051B02B20A14400D3D460 /* View+Extensions.swift in Sources */,
				DAA3316B2B26FDEF00D3225F /* WeatherModel.swift in Sources */,
				DAA3317E2B26FE2B00D3225F /* RecommendedPlayListModel.swift in Sources */,
			);
			runOnlyForDeploymentPostprocessing = 0;
		};
/* End PBXSourcesBuildPhase section */

/* Begin XCBuildConfiguration section */
		DA637F6F2B1F1F6400BB3612 /* Debug */ = {
			isa = XCBuildConfiguration;
			baseConfigurationReference = DAA3317B2B26FE1D00D3225F /* SpotifyAPI.xcconfig */;
			buildSettings = {
				ALWAYS_SEARCH_USER_PATHS = NO;
				ASSETCATALOG_COMPILER_GENERATE_SWIFT_ASSET_SYMBOL_EXTENSIONS = YES;
				CLANG_ANALYZER_NONNULL = YES;
				CLANG_ANALYZER_NUMBER_OBJECT_CONVERSION = YES_AGGRESSIVE;
				CLANG_CXX_LANGUAGE_STANDARD = "gnu++20";
				CLANG_ENABLE_MODULES = YES;
				CLANG_ENABLE_OBJC_ARC = YES;
				CLANG_ENABLE_OBJC_WEAK = YES;
				CLANG_WARN_BLOCK_CAPTURE_AUTORELEASING = YES;
				CLANG_WARN_BOOL_CONVERSION = YES;
				CLANG_WARN_COMMA = YES;
				CLANG_WARN_CONSTANT_CONVERSION = YES;
				CLANG_WARN_DEPRECATED_OBJC_IMPLEMENTATIONS = YES;
				CLANG_WARN_DIRECT_OBJC_ISA_USAGE = YES_ERROR;
				CLANG_WARN_DOCUMENTATION_COMMENTS = YES;
				CLANG_WARN_EMPTY_BODY = YES;
				CLANG_WARN_ENUM_CONVERSION = YES;
				CLANG_WARN_INFINITE_RECURSION = YES;
				CLANG_WARN_INT_CONVERSION = YES;
				CLANG_WARN_NON_LITERAL_NULL_CONVERSION = YES;
				CLANG_WARN_OBJC_IMPLICIT_RETAIN_SELF = YES;
				CLANG_WARN_OBJC_LITERAL_CONVERSION = YES;
				CLANG_WARN_OBJC_ROOT_CLASS = YES_ERROR;
				CLANG_WARN_QUOTED_INCLUDE_IN_FRAMEWORK_HEADER = YES;
				CLANG_WARN_RANGE_LOOP_ANALYSIS = YES;
				CLANG_WARN_STRICT_PROTOTYPES = YES;
				CLANG_WARN_SUSPICIOUS_MOVE = YES;
				CLANG_WARN_UNGUARDED_AVAILABILITY = YES_AGGRESSIVE;
				CLANG_WARN_UNREACHABLE_CODE = YES;
				CLANG_WARN__DUPLICATE_METHOD_MATCH = YES;
				COPY_PHASE_STRIP = NO;
				DEBUG_INFORMATION_FORMAT = dwarf;
				ENABLE_STRICT_OBJC_MSGSEND = YES;
				ENABLE_TESTABILITY = YES;
				ENABLE_USER_SCRIPT_SANDBOXING = YES;
				GCC_C_LANGUAGE_STANDARD = gnu17;
				GCC_DYNAMIC_NO_PIC = NO;
				GCC_NO_COMMON_BLOCKS = YES;
				GCC_OPTIMIZATION_LEVEL = 0;
				GCC_PREPROCESSOR_DEFINITIONS = (
					"DEBUG=1",
					"$(inherited)",
				);
				GCC_WARN_64_TO_32_BIT_CONVERSION = YES;
				GCC_WARN_ABOUT_RETURN_TYPE = YES_ERROR;
				GCC_WARN_UNDECLARED_SELECTOR = YES;
				GCC_WARN_UNINITIALIZED_AUTOS = YES_AGGRESSIVE;
				GCC_WARN_UNUSED_FUNCTION = YES;
				GCC_WARN_UNUSED_VARIABLE = YES;
				IPHONEOS_DEPLOYMENT_TARGET = 16.0;
				LOCALIZATION_PREFERS_STRING_CATALOGS = YES;
				MTL_ENABLE_DEBUG_INFO = INCLUDE_SOURCE;
				MTL_FAST_MATH = YES;
				ONLY_ACTIVE_ARCH = YES;
				SDKROOT = iphoneos;
				SWIFT_ACTIVE_COMPILATION_CONDITIONS = "DEBUG $(inherited)";
				SWIFT_OPTIMIZATION_LEVEL = "-Onone";
			};
			name = Debug;
		};
		DA637F702B1F1F6400BB3612 /* Release */ = {
			isa = XCBuildConfiguration;
			baseConfigurationReference = DAA3317B2B26FE1D00D3225F /* SpotifyAPI.xcconfig */;
			buildSettings = {
				ALWAYS_SEARCH_USER_PATHS = NO;
				ASSETCATALOG_COMPILER_GENERATE_SWIFT_ASSET_SYMBOL_EXTENSIONS = YES;
				CLANG_ANALYZER_NONNULL = YES;
				CLANG_ANALYZER_NUMBER_OBJECT_CONVERSION = YES_AGGRESSIVE;
				CLANG_CXX_LANGUAGE_STANDARD = "gnu++20";
				CLANG_ENABLE_MODULES = YES;
				CLANG_ENABLE_OBJC_ARC = YES;
				CLANG_ENABLE_OBJC_WEAK = YES;
				CLANG_WARN_BLOCK_CAPTURE_AUTORELEASING = YES;
				CLANG_WARN_BOOL_CONVERSION = YES;
				CLANG_WARN_COMMA = YES;
				CLANG_WARN_CONSTANT_CONVERSION = YES;
				CLANG_WARN_DEPRECATED_OBJC_IMPLEMENTATIONS = YES;
				CLANG_WARN_DIRECT_OBJC_ISA_USAGE = YES_ERROR;
				CLANG_WARN_DOCUMENTATION_COMMENTS = YES;
				CLANG_WARN_EMPTY_BODY = YES;
				CLANG_WARN_ENUM_CONVERSION = YES;
				CLANG_WARN_INFINITE_RECURSION = YES;
				CLANG_WARN_INT_CONVERSION = YES;
				CLANG_WARN_NON_LITERAL_NULL_CONVERSION = YES;
				CLANG_WARN_OBJC_IMPLICIT_RETAIN_SELF = YES;
				CLANG_WARN_OBJC_LITERAL_CONVERSION = YES;
				CLANG_WARN_OBJC_ROOT_CLASS = YES_ERROR;
				CLANG_WARN_QUOTED_INCLUDE_IN_FRAMEWORK_HEADER = YES;
				CLANG_WARN_RANGE_LOOP_ANALYSIS = YES;
				CLANG_WARN_STRICT_PROTOTYPES = YES;
				CLANG_WARN_SUSPICIOUS_MOVE = YES;
				CLANG_WARN_UNGUARDED_AVAILABILITY = YES_AGGRESSIVE;
				CLANG_WARN_UNREACHABLE_CODE = YES;
				CLANG_WARN__DUPLICATE_METHOD_MATCH = YES;
				COPY_PHASE_STRIP = NO;
				DEBUG_INFORMATION_FORMAT = "dwarf-with-dsym";
				ENABLE_NS_ASSERTIONS = NO;
				ENABLE_STRICT_OBJC_MSGSEND = YES;
				ENABLE_USER_SCRIPT_SANDBOXING = YES;
				GCC_C_LANGUAGE_STANDARD = gnu17;
				GCC_NO_COMMON_BLOCKS = YES;
				GCC_WARN_64_TO_32_BIT_CONVERSION = YES;
				GCC_WARN_ABOUT_RETURN_TYPE = YES_ERROR;
				GCC_WARN_UNDECLARED_SELECTOR = YES;
				GCC_WARN_UNINITIALIZED_AUTOS = YES_AGGRESSIVE;
				GCC_WARN_UNUSED_FUNCTION = YES;
				GCC_WARN_UNUSED_VARIABLE = YES;
				IPHONEOS_DEPLOYMENT_TARGET = 16.0;
				LOCALIZATION_PREFERS_STRING_CATALOGS = YES;
				MTL_ENABLE_DEBUG_INFO = NO;
				MTL_FAST_MATH = YES;
				SDKROOT = iphoneos;
				SWIFT_COMPILATION_MODE = wholemodule;
				VALIDATE_PRODUCT = YES;
			};
			name = Release;
		};
		DA637F722B1F1F6400BB3612 /* Debug */ = {
			isa = XCBuildConfiguration;
			baseConfigurationReference = DAA3317B2B26FE1D00D3225F /* SpotifyAPI.xcconfig */;
			buildSettings = {
				ASSETCATALOG_COMPILER_APPICON_NAME = AppIcon;
				ASSETCATALOG_COMPILER_GLOBAL_ACCENT_COLOR_NAME = AccentColor;
				CLANG_ENABLE_MODULES = YES;
				CODE_SIGN_IDENTITY = "Apple Development";
				CODE_SIGN_STYLE = Automatic;
				CURRENT_PROJECT_VERSION = 1;
				DEVELOPMENT_ASSET_PATHS = "\"WeatherPlaylist/Preview Content\"";
				DEVELOPMENT_TEAM = "";
				ENABLE_PREVIEWS = YES;
				GENERATE_INFOPLIST_FILE = YES;
				INFOPLIST_FILE = WeatherPlaylist/Info.plist;
				INFOPLIST_KEY_LSApplicationCategoryType = "public.app-category.music";
				INFOPLIST_KEY_UIApplicationSceneManifest_Generation = YES;
				INFOPLIST_KEY_UIApplicationSupportsIndirectInputEvents = YES;
				INFOPLIST_KEY_UILaunchScreen_Generation = YES;
				INFOPLIST_KEY_UILaunchStoryboardName = "Launch Screen.storyboard";
				INFOPLIST_KEY_UISupportedInterfaceOrientations_iPad = "UIInterfaceOrientationPortrait UIInterfaceOrientationPortraitUpsideDown UIInterfaceOrientationLandscapeLeft UIInterfaceOrientationLandscapeRight";
				INFOPLIST_KEY_UISupportedInterfaceOrientations_iPhone = "UIInterfaceOrientationPortrait UIInterfaceOrientationLandscapeLeft UIInterfaceOrientationLandscapeRight";
				IPHONEOS_DEPLOYMENT_TARGET = 16.0;
				LD_RUNPATH_SEARCH_PATHS = (
					"$(inherited)",
					"@executable_path/Frameworks",
				);
				MARKETING_VERSION = 1.0;
				OTHER_LDFLAGS = "";
				PRODUCT_BUNDLE_IDENTIFIER = com.likelion.WeatherPlaylist;
				PRODUCT_NAME = "$(TARGET_NAME)";
				PROVISIONING_PROFILE_SPECIFIER = "";
				SWIFT_EMIT_LOC_STRINGS = YES;
				SWIFT_OBJC_BRIDGING_HEADER = "WeatherPlaylist/Views/StartView/WeatherPlaylist-Bridging-Header.h";
				SWIFT_OPTIMIZATION_LEVEL = "-Onone";
				SWIFT_VERSION = 5.0;
				TARGETED_DEVICE_FAMILY = "1,2";
			};
			name = Debug;
		};
		DA637F732B1F1F6400BB3612 /* Release */ = {
			isa = XCBuildConfiguration;
			baseConfigurationReference = DAA3317B2B26FE1D00D3225F /* SpotifyAPI.xcconfig */;
			buildSettings = {
				ASSETCATALOG_COMPILER_APPICON_NAME = AppIcon;
				ASSETCATALOG_COMPILER_GLOBAL_ACCENT_COLOR_NAME = AccentColor;
				CLANG_ENABLE_MODULES = YES;
				CODE_SIGN_IDENTITY = "Apple Development";
				CODE_SIGN_STYLE = Automatic;
				CURRENT_PROJECT_VERSION = 1;
				DEVELOPMENT_ASSET_PATHS = "\"WeatherPlaylist/Preview Content\"";
				DEVELOPMENT_TEAM = "";
				ENABLE_PREVIEWS = YES;
				GENERATE_INFOPLIST_FILE = YES;
				INFOPLIST_FILE = WeatherPlaylist/Info.plist;
				INFOPLIST_KEY_LSApplicationCategoryType = "public.app-category.music";
				INFOPLIST_KEY_UIApplicationSceneManifest_Generation = YES;
				INFOPLIST_KEY_UIApplicationSupportsIndirectInputEvents = YES;
				INFOPLIST_KEY_UILaunchScreen_Generation = YES;
				INFOPLIST_KEY_UILaunchStoryboardName = "Launch Screen.storyboard";
				INFOPLIST_KEY_UISupportedInterfaceOrientations_iPad = "UIInterfaceOrientationPortrait UIInterfaceOrientationPortraitUpsideDown UIInterfaceOrientationLandscapeLeft UIInterfaceOrientationLandscapeRight";
				INFOPLIST_KEY_UISupportedInterfaceOrientations_iPhone = "UIInterfaceOrientationPortrait UIInterfaceOrientationLandscapeLeft UIInterfaceOrientationLandscapeRight";
				IPHONEOS_DEPLOYMENT_TARGET = 16.0;
				LD_RUNPATH_SEARCH_PATHS = (
					"$(inherited)",
					"@executable_path/Frameworks",
				);
				MARKETING_VERSION = 1.0;
				OTHER_LDFLAGS = "";
				PRODUCT_BUNDLE_IDENTIFIER = com.likelion.WeatherPlaylist;
				PRODUCT_NAME = "$(TARGET_NAME)";
				PROVISIONING_PROFILE_SPECIFIER = "";
				SWIFT_EMIT_LOC_STRINGS = YES;
				SWIFT_OBJC_BRIDGING_HEADER = "WeatherPlaylist/Views/StartView/WeatherPlaylist-Bridging-Header.h";
				SWIFT_VERSION = 5.0;
				TARGETED_DEVICE_FAMILY = "1,2";
			};
			name = Release;
		};
/* End XCBuildConfiguration section */

/* Begin XCConfigurationList section */
		DA637F5E2B1F1F6200BB3612 /* Build configuration list for PBXProject "WeatherPlaylist" */ = {
			isa = XCConfigurationList;
			buildConfigurations = (
				DA637F6F2B1F1F6400BB3612 /* Debug */,
				DA637F702B1F1F6400BB3612 /* Release */,
			);
			defaultConfigurationIsVisible = 0;
			defaultConfigurationName = Release;
		};
		DA637F712B1F1F6400BB3612 /* Build configuration list for PBXNativeTarget "WeatherPlaylist" */ = {
			isa = XCConfigurationList;
			buildConfigurations = (
				DA637F722B1F1F6400BB3612 /* Debug */,
				DA637F732B1F1F6400BB3612 /* Release */,
			);
			defaultConfigurationIsVisible = 0;
			defaultConfigurationName = Release;
		};
/* End XCConfigurationList section */

/* Begin XCRemoteSwiftPackageReference section */
		28A621A72B21514000575D16 /* XCRemoteSwiftPackageReference "ios-sdk" */ = {
			isa = XCRemoteSwiftPackageReference;
			repositoryURL = "https://github.com/spotify/ios-sdk.git";
			requirement = {
				branch = master;
				kind = branch;
			};
		};
/* End XCRemoteSwiftPackageReference section */

/* Begin XCSwiftPackageProductDependency section */
		28A621A82B21514000575D16 /* SpotifyiOS */ = {
			isa = XCSwiftPackageProductDependency;
			package = 28A621A72B21514000575D16 /* XCRemoteSwiftPackageReference "ios-sdk" */;
			productName = SpotifyiOS;
		};
/* End XCSwiftPackageProductDependency section */
	};
	rootObject = DA637F5B2B1F1F6200BB3612 /* Project object */;
}
