// !$*UTF8*$!
{
	archiveVersion = 1;
	classes = {
	};
	objectVersion = 56;
	objects = {

/* Begin PBXBuildFile section */
		DA637F672B1F1F6200BB3612 /* WeatherPlaylistApp.swift in Sources */ = {isa = PBXBuildFile; fileRef = DA637F662B1F1F6200BB3612 /* WeatherPlaylistApp.swift */; };
		DA637F692B1F1F6200BB3612 /* ContentView.swift in Sources */ = {isa = PBXBuildFile; fileRef = DA637F682B1F1F6200BB3612 /* ContentView.swift */; };
		DA637F6B2B1F1F6400BB3612 /* Assets.xcassets in Resources */ = {isa = PBXBuildFile; fileRef = DA637F6A2B1F1F6400BB3612 /* Assets.xcassets */; };
		DA637F6E2B1F1F6400BB3612 /* Preview Assets.xcassets in Resources */ = {isa = PBXBuildFile; fileRef = DA637F6D2B1F1F6400BB3612 /* Preview Assets.xcassets */; };
		DA637F7D2B201C1F00BB3612 /* MyPageView.swift in Sources */ = {isa = PBXBuildFile; fileRef = DA637F7C2B201C1F00BB3612 /* MyPageView.swift */; };
		DA637F802B201C4B00BB3612 /* String+Extensions.swift in Sources */ = {isa = PBXBuildFile; fileRef = DA637F7F2B201C4B00BB3612 /* String+Extensions.swift */; };
/* End PBXBuildFile section */

/* Begin PBXFileReference section */
		DA637F632B1F1F6200BB3612 /* WeatherPlaylist.app */ = {isa = PBXFileReference; explicitFileType = wrapper.application; includeInIndex = 0; path = WeatherPlaylist.app; sourceTree = BUILT_PRODUCTS_DIR; };
		DA637F662B1F1F6200BB3612 /* WeatherPlaylistApp.swift */ = {isa = PBXFileReference; lastKnownFileType = sourcecode.swift; path = WeatherPlaylistApp.swift; sourceTree = "<group>"; };
		DA637F682B1F1F6200BB3612 /* ContentView.swift */ = {isa = PBXFileReference; lastKnownFileType = sourcecode.swift; path = ContentView.swift; sourceTree = "<group>"; };
		DA637F6A2B1F1F6400BB3612 /* Assets.xcassets */ = {isa = PBXFileReference; lastKnownFileType = folder.assetcatalog; path = Assets.xcassets; sourceTree = "<group>"; };
		DA637F6D2B1F1F6400BB3612 /* Preview Assets.xcassets */ = {isa = PBXFileReference; lastKnownFileType = folder.assetcatalog; path = "Preview Assets.xcassets"; sourceTree = "<group>"; };
		DA637F742B1F329E00BB3612 /* SpotifyAPI.xcconfig */ = {isa = PBXFileReference; lastKnownFileType = text.xcconfig; path = SpotifyAPI.xcconfig; sourceTree = "<group>"; };
		DA637F752B1F331F00BB3612 /* Info.plist */ = {isa = PBXFileReference; lastKnownFileType = text.plist; path = Info.plist; sourceTree = "<group>"; };
		DA637F7C2B201C1F00BB3612 /* MyPageView.swift */ = {isa = PBXFileReference; lastKnownFileType = sourcecode.swift; path = MyPageView.swift; sourceTree = "<group>"; };
		DA637F7F2B201C4B00BB3612 /* String+Extensions.swift */ = {isa = PBXFileReference; lastKnownFileType = sourcecode.swift; path = "String+Extensions.swift"; sourceTree = "<group>"; };
/* End PBXFileReference section */

/* Begin PBXFrameworksBuildPhase section */
		DA637F602B1F1F6200BB3612 /* Frameworks */ = {
			isa = PBXFrameworksBuildPhase;
			buildActionMask = 2147483647;
			files = (
			);
			runOnlyForDeploymentPostprocessing = 0;
		};
/* End PBXFrameworksBuildPhase section */

/* Begin PBXGroup section */
		DA637F5A2B1F1F6200BB3612 = {
			isa = PBXGroup;
			children = (
				DA637F652B1F1F6200BB3612 /* WeatherPlaylist */,
				DA637F642B1F1F6200BB3612 /* Products */,
			);
			sourceTree = "<group>";
		};
		DA637F642B1F1F6200BB3612 /* Products */ = {
			isa = PBXGroup;
			children = (
				DA637F632B1F1F6200BB3612 /* WeatherPlaylist.app */,
			);
			name = Products;
			sourceTree = "<group>";
		};
		DA637F652B1F1F6200BB3612 /* WeatherPlaylist */ = {
			isa = PBXGroup;
			children = (
				DA637F662B1F1F6200BB3612 /* WeatherPlaylistApp.swift */,
				DA637F782B201BE200BB3612 /* Source */,
				DA637F772B201BD400BB3612 /* Resource */,
				DA637F752B1F331F00BB3612 /* Info.plist */,
				DA637F7A2B201BFB00BB3612 /* Views */,
				DA637F6A2B1F1F6400BB3612 /* Assets.xcassets */,
				DA637F6C2B1F1F6400BB3612 /* Preview Content */,
			);
			path = WeatherPlaylist;
			sourceTree = "<group>";
		};
		DA637F6C2B1F1F6400BB3612 /* Preview Content */ = {
			isa = PBXGroup;
			children = (
				DA637F6D2B1F1F6400BB3612 /* Preview Assets.xcassets */,
			);
			path = "Preview Content";
			sourceTree = "<group>";
		};
		DA637F772B201BD400BB3612 /* Resource */ = {
			isa = PBXGroup;
			children = (
				DA637F792B201BEE00BB3612 /* Configuration */,
			);
			path = Resource;
			sourceTree = "<group>";
		};
		DA637F782B201BE200BB3612 /* Source */ = {
			isa = PBXGroup;
			children = (
				DA637F7E2B201C2C00BB3612 /* Extensions */,
			);
			path = Source;
			sourceTree = "<group>";
		};
		DA637F792B201BEE00BB3612 /* Configuration */ = {
			isa = PBXGroup;
			children = (
				DA637F742B1F329E00BB3612 /* SpotifyAPI.xcconfig */,
			);
			path = Configuration;
			sourceTree = "<group>";
		};
		DA637F7A2B201BFB00BB3612 /* Views */ = {
			isa = PBXGroup;
			children = (
				DA637F7B2B201C0B00BB3612 /* MypageView */,
				DA637F682B1F1F6200BB3612 /* ContentView.swift */,
			);
			path = Views;
			sourceTree = "<group>";
		};
		DA637F7B2B201C0B00BB3612 /* MypageView */ = {
			isa = PBXGroup;
			children = (
				DA637F7C2B201C1F00BB3612 /* MyPageView.swift */,
			);
			path = MypageView;
			sourceTree = "<group>";
		};
		DA637F7E2B201C2C00BB3612 /* Extensions */ = {
			isa = PBXGroup;
			children = (
				DA637F7F2B201C4B00BB3612 /* String+Extensions.swift */,
			);
			path = Extensions;
			sourceTree = "<group>";
		};
/* End PBXGroup section */

/* Begin PBXNativeTarget section */
		DA637F622B1F1F6200BB3612 /* WeatherPlaylist */ = {
			isa = PBXNativeTarget;
			buildConfigurationList = DA637F712B1F1F6400BB3612 /* Build configuration list for PBXNativeTarget "WeatherPlaylist" */;
			buildPhases = (
				DA637F5F2B1F1F6200BB3612 /* Sources */,
				DA637F602B1F1F6200BB3612 /* Frameworks */,
				DA637F612B1F1F6200BB3612 /* Resources */,
			);
			buildRules = (
			);
			dependencies = (
			);
			name = WeatherPlaylist;
			productName = WeatherPlaylist;
			productReference = DA637F632B1F1F6200BB3612 /* WeatherPlaylist.app */;
			productType = "com.apple.product-type.application";
		};
/* End PBXNativeTarget section */

/* Begin PBXProject section */
		DA637F5B2B1F1F6200BB3612 /* Project object */ = {
			isa = PBXProject;
			attributes = {
				BuildIndependentTargetsInParallel = 1;
				LastSwiftUpdateCheck = 1500;
				LastUpgradeCheck = 1500;
				TargetAttributes = {
					DA637F622B1F1F6200BB3612 = {
						CreatedOnToolsVersion = 15.0.1;
					};
				};
			};
			buildConfigurationList = DA637F5E2B1F1F6200BB3612 /* Build configuration list for PBXProject "WeatherPlaylist" */;
			compatibilityVersion = "Xcode 14.0";
			developmentRegion = en;
			hasScannedForEncodings = 0;
			knownRegions = (
				en,
				Base,
			);
			mainGroup = DA637F5A2B1F1F6200BB3612;
			productRefGroup = DA637F642B1F1F6200BB3612 /* Products */;
			projectDirPath = "";
			projectRoot = "";
			targets = (
				DA637F622B1F1F6200BB3612 /* WeatherPlaylist */,
			);
		};
/* End PBXProject section */

/* Begin PBXResourcesBuildPhase section */
		DA637F612B1F1F6200BB3612 /* Resources */ = {
			isa = PBXResourcesBuildPhase;
			buildActionMask = 2147483647;
			files = (
				DA637F6E2B1F1F6400BB3612 /* Preview Assets.xcassets in Resources */,
				DA637F6B2B1F1F6400BB3612 /* Assets.xcassets in Resources */,
			);
			runOnlyForDeploymentPostprocessing = 0;
		};
/* End PBXResourcesBuildPhase section */

/* Begin PBXSourcesBuildPhase section */
		DA637F5F2B1F1F6200BB3612 /* Sources */ = {
			isa = PBXSourcesBuildPhase;
			buildActionMask = 2147483647;
			files = (
				DA637F802B201C4B00BB3612 /* String+Extensions.swift in Sources */,
				DA637F692B1F1F6200BB3612 /* ContentView.swift in Sources */,
				DA637F672B1F1F6200BB3612 /* WeatherPlaylistApp.swift in Sources */,
				DA637F7D2B201C1F00BB3612 /* MyPageView.swift in Sources */,
			);
			runOnlyForDeploymentPostprocessing = 0;
		};
/* End PBXSourcesBuildPhase section */

/* Begin XCBuildConfiguration section */
		DA637F6F2B1F1F6400BB3612 /* Debug */ = {
			isa = XCBuildConfiguration;
			baseConfigurationReference = DA637F742B1F329E00BB3612 /* SpotifyAPI.xcconfig */;
			buildSettings = {
				ALWAYS_SEARCH_USER_PATHS = NO;
				ASSETCATALOG_COMPILER_GENERATE_SWIFT_ASSET_SYMBOL_EXTENSIONS = YES;
				CLANG_ANALYZER_NONNULL = YES;
				CLANG_ANALYZER_NUMBER_OBJECT_CONVERSION = YES_AGGRESSIVE;
				CLANG_CXX_LANGUAGE_STANDARD = "gnu++20";
				CLANG_ENABLE_MODULES = YES;
				CLANG_ENABLE_OBJC_ARC = YES;
				CLANG_ENABLE_OBJC_WEAK = YES;
				CLANG_WARN_BLOCK_CAPTURE_AUTORELEASING = YES;
				CLANG_WARN_BOOL_CONVERSION = YES;
				CLANG_WARN_COMMA = YES;
				CLANG_WARN_CONSTANT_CONVERSION = YES;
				CLANG_WARN_DEPRECATED_OBJC_IMPLEMENTATIONS = YES;
				CLANG_WARN_DIRECT_OBJC_ISA_USAGE = YES_ERROR;
				CLANG_WARN_DOCUMENTATION_COMMENTS = YES;
				CLANG_WARN_EMPTY_BODY = YES;
				CLANG_WARN_ENUM_CONVERSION = YES;
				CLANG_WARN_INFINITE_RECURSION = YES;
				CLANG_WARN_INT_CONVERSION = YES;
				CLANG_WARN_NON_LITERAL_NULL_CONVERSION = YES;
				CLANG_WARN_OBJC_IMPLICIT_RETAIN_SELF = YES;
				CLANG_WARN_OBJC_LITERAL_CONVERSION = YES;
				CLANG_WARN_OBJC_ROOT_CLASS = YES_ERROR;
				CLANG_WARN_QUOTED_INCLUDE_IN_FRAMEWORK_HEADER = YES;
				CLANG_WARN_RANGE_LOOP_ANALYSIS = YES;
				CLANG_WARN_STRICT_PROTOTYPES = YES;
				CLANG_WARN_SUSPICIOUS_MOVE = YES;
				CLANG_WARN_UNGUARDED_AVAILABILITY = YES_AGGRESSIVE;
				CLANG_WARN_UNREACHABLE_CODE = YES;
				CLANG_WARN__DUPLICATE_METHOD_MATCH = YES;
				COPY_PHASE_STRIP = NO;
				DEBUG_INFORMATION_FORMAT = dwarf;
				ENABLE_STRICT_OBJC_MSGSEND = YES;
				ENABLE_TESTABILITY = YES;
				ENABLE_USER_SCRIPT_SANDBOXING = YES;
				GCC_C_LANGUAGE_STANDARD = gnu17;
				GCC_DYNAMIC_NO_PIC = NO;
				GCC_NO_COMMON_BLOCKS = YES;
				GCC_OPTIMIZATION_LEVEL = 0;
				GCC_PREPROCESSOR_DEFINITIONS = (
					"DEBUG=1",
					"$(inherited)",
				);
				GCC_WARN_64_TO_32_BIT_CONVERSION = YES;
				GCC_WARN_ABOUT_RETURN_TYPE = YES_ERROR;
				GCC_WARN_UNDECLARED_SELECTOR = YES;
				GCC_WARN_UNINITIALIZED_AUTOS = YES_AGGRESSIVE;
				GCC_WARN_UNUSED_FUNCTION = YES;
				GCC_WARN_UNUSED_VARIABLE = YES;
				IPHONEOS_DEPLOYMENT_TARGET = 16.0;
				LOCALIZATION_PREFERS_STRING_CATALOGS = YES;
				MTL_ENABLE_DEBUG_INFO = INCLUDE_SOURCE;
				MTL_FAST_MATH = YES;
				ONLY_ACTIVE_ARCH = YES;
				SDKROOT = iphoneos;
				SWIFT_ACTIVE_COMPILATION_CONDITIONS = "DEBUG $(inherited)";
				SWIFT_OPTIMIZATION_LEVEL = "-Onone";
			};
			name = Debug;
		};
		DA637F702B1F1F6400BB3612 /* Release */ = {
			isa = XCBuildConfiguration;
			baseConfigurationReference = DA637F742B1F329E00BB3612 /* SpotifyAPI.xcconfig */;
			buildSettings = {
				ALWAYS_SEARCH_USER_PATHS = NO;
				ASSETCATALOG_COMPILER_GENERATE_SWIFT_ASSET_SYMBOL_EXTENSIONS = YES;
				CLANG_ANALYZER_NONNULL = YES;
				CLANG_ANALYZER_NUMBER_OBJECT_CONVERSION = YES_AGGRESSIVE;
				CLANG_CXX_LANGUAGE_STANDARD = "gnu++20";
				CLANG_ENABLE_MODULES = YES;
				CLANG_ENABLE_OBJC_ARC = YES;
				CLANG_ENABLE_OBJC_WEAK = YES;
				CLANG_WARN_BLOCK_CAPTURE_AUTORELEASING = YES;
				CLANG_WARN_BOOL_CONVERSION = YES;
				CLANG_WARN_COMMA = YES;
				CLANG_WARN_CONSTANT_CONVERSION = YES;
				CLANG_WARN_DEPRECATED_OBJC_IMPLEMENTATIONS = YES;
				CLANG_WARN_DIRECT_OBJC_ISA_USAGE = YES_ERROR;
				CLANG_WARN_DOCUMENTATION_COMMENTS = YES;
				CLANG_WARN_EMPTY_BODY = YES;
				CLANG_WARN_ENUM_CONVERSION = YES;
				CLANG_WARN_INFINITE_RECURSION = YES;
				CLANG_WARN_INT_CONVERSION = YES;
				CLANG_WARN_NON_LITERAL_NULL_CONVERSION = YES;
				CLANG_WARN_OBJC_IMPLICIT_RETAIN_SELF = YES;
				CLANG_WARN_OBJC_LITERAL_CONVERSION = YES;
				CLANG_WARN_OBJC_ROOT_CLASS = YES_ERROR;
				CLANG_WARN_QUOTED_INCLUDE_IN_FRAMEWORK_HEADER = YES;
				CLANG_WARN_RANGE_LOOP_ANALYSIS = YES;
				CLANG_WARN_STRICT_PROTOTYPES = YES;
				CLANG_WARN_SUSPICIOUS_MOVE = YES;
				CLANG_WARN_UNGUARDED_AVAILABILITY = YES_AGGRESSIVE;
				CLANG_WARN_UNREACHABLE_CODE = YES;
				CLANG_WARN__DUPLICATE_METHOD_MATCH = YES;
				COPY_PHASE_STRIP = NO;
				DEBUG_INFORMATION_FORMAT = "dwarf-with-dsym";
				ENABLE_NS_ASSERTIONS = NO;
				ENABLE_STRICT_OBJC_MSGSEND = YES;
				ENABLE_USER_SCRIPT_SANDBOXING = YES;
				GCC_C_LANGUAGE_STANDARD = gnu17;
				GCC_NO_COMMON_BLOCKS = YES;
				GCC_WARN_64_TO_32_BIT_CONVERSION = YES;
				GCC_WARN_ABOUT_RETURN_TYPE = YES_ERROR;
				GCC_WARN_UNDECLARED_SELECTOR = YES;
				GCC_WARN_UNINITIALIZED_AUTOS = YES_AGGRESSIVE;
				GCC_WARN_UNUSED_FUNCTION = YES;
				GCC_WARN_UNUSED_VARIABLE = YES;
				IPHONEOS_DEPLOYMENT_TARGET = 16.0;
				LOCALIZATION_PREFERS_STRING_CATALOGS = YES;
				MTL_ENABLE_DEBUG_INFO = NO;
				MTL_FAST_MATH = YES;
				SDKROOT = iphoneos;
				SWIFT_COMPILATION_MODE = wholemodule;
				VALIDATE_PRODUCT = YES;
			};
			name = Release;
		};
		DA637F722B1F1F6400BB3612 /* Debug */ = {
			isa = XCBuildConfiguration;
			buildSettings = {
				ASSETCATALOG_COMPILER_APPICON_NAME = AppIcon;
				ASSETCATALOG_COMPILER_GLOBAL_ACCENT_COLOR_NAME = AccentColor;
				CODE_SIGN_STYLE = Automatic;
				CURRENT_PROJECT_VERSION = 1;
				DEVELOPMENT_ASSET_PATHS = "\"WeatherPlaylist/Preview Content\"";
				DEVELOPMENT_TEAM = 7Y3Y9M4N4F;
				ENABLE_PREVIEWS = YES;
				GENERATE_INFOPLIST_FILE = YES;
				INFOPLIST_FILE = WeatherPlaylist/Info.plist;
				INFOPLIST_KEY_UIApplicationSceneManifest_Generation = YES;
				INFOPLIST_KEY_UIApplicationSupportsIndirectInputEvents = YES;
				INFOPLIST_KEY_UILaunchScreen_Generation = YES;
				INFOPLIST_KEY_UISupportedInterfaceOrientations_iPad = "UIInterfaceOrientationPortrait UIInterfaceOrientationPortraitUpsideDown UIInterfaceOrientationLandscapeLeft UIInterfaceOrientationLandscapeRight";
				INFOPLIST_KEY_UISupportedInterfaceOrientations_iPhone = "UIInterfaceOrientationPortrait UIInterfaceOrientationLandscapeLeft UIInterfaceOrientationLandscapeRight";
				LD_RUNPATH_SEARCH_PATHS = (
					"$(inherited)",
					"@executable_path/Frameworks",
				);
				MARKETING_VERSION = 1.0;
				PRODUCT_BUNDLE_IDENTIFIER = com.likelion.WeatherPlaylist;
				PRODUCT_NAME = "$(TARGET_NAME)";
				SWIFT_EMIT_LOC_STRINGS = YES;
				SWIFT_VERSION = 5.0;
				TARGETED_DEVICE_FAMILY = "1,2";
			};
			name = Debug;
		};
		DA637F732B1F1F6400BB3612 /* Release */ = {
			isa = XCBuildConfiguration;
			buildSettings = {
				ASSETCATALOG_COMPILER_APPICON_NAME = AppIcon;
				ASSETCATALOG_COMPILER_GLOBAL_ACCENT_COLOR_NAME = AccentColor;
				CODE_SIGN_STYLE = Automatic;
				CURRENT_PROJECT_VERSION = 1;
				DEVELOPMENT_ASSET_PATHS = "\"WeatherPlaylist/Preview Content\"";
				DEVELOPMENT_TEAM = 7Y3Y9M4N4F;
				ENABLE_PREVIEWS = YES;
				GENERATE_INFOPLIST_FILE = YES;
				INFOPLIST_FILE = WeatherPlaylist/Info.plist;
				INFOPLIST_KEY_UIApplicationSceneManifest_Generation = YES;
				INFOPLIST_KEY_UIApplicationSupportsIndirectInputEvents = YES;
				INFOPLIST_KEY_UILaunchScreen_Generation = YES;
				INFOPLIST_KEY_UISupportedInterfaceOrientations_iPad = "UIInterfaceOrientationPortrait UIInterfaceOrientationPortraitUpsideDown UIInterfaceOrientationLandscapeLeft UIInterfaceOrientationLandscapeRight";
				INFOPLIST_KEY_UISupportedInterfaceOrientations_iPhone = "UIInterfaceOrientationPortrait UIInterfaceOrientationLandscapeLeft UIInterfaceOrientationLandscapeRight";
				LD_RUNPATH_SEARCH_PATHS = (
					"$(inherited)",
					"@executable_path/Frameworks",
				);
				MARKETING_VERSION = 1.0;
				PRODUCT_BUNDLE_IDENTIFIER = com.likelion.WeatherPlaylist;
				PRODUCT_NAME = "$(TARGET_NAME)";
				SWIFT_EMIT_LOC_STRINGS = YES;
				SWIFT_VERSION = 5.0;
				TARGETED_DEVICE_FAMILY = "1,2";
			};
			name = Release;
		};
/* End XCBuildConfiguration section */

/* Begin XCConfigurationList section */
		DA637F5E2B1F1F6200BB3612 /* Build configuration list for PBXProject "WeatherPlaylist" */ = {
			isa = XCConfigurationList;
			buildConfigurations = (
				DA637F6F2B1F1F6400BB3612 /* Debug */,
				DA637F702B1F1F6400BB3612 /* Release */,
			);
			defaultConfigurationIsVisible = 0;
			defaultConfigurationName = Release;
		};
		DA637F712B1F1F6400BB3612 /* Build configuration list for PBXNativeTarget "WeatherPlaylist" */ = {
			isa = XCConfigurationList;
			buildConfigurations = (
				DA637F722B1F1F6400BB3612 /* Debug */,
				DA637F732B1F1F6400BB3612 /* Release */,
			);
			defaultConfigurationIsVisible = 0;
			defaultConfigurationName = Release;
		};
/* End XCConfigurationList section */
	};
	rootObject = DA637F5B2B1F1F6200BB3612 /* Project object */;
}
